{
  "object": {
    "pins": [
      {
        "package": "Sparkle",
        "repositoryURL": "https://github.com/sparkle-project/Sparkle",
        "state": {
          "branch": null,
          "revision": "0d43f88a83698e57d93789831318b053767d1560",
          "version": "2.0.0-beta.4"
        }
      }
    ]
  },
  "version": 1
}
