{
  "object": {
    "pins": [
      {
        "package": "Sparkle",
        "repositoryURL": "https://github.com/sparkle-project/Sparkle",
        "state": {
          "branch": null,
          "revision": "1adbbccf5e465a11f52b2ebc5edf8115f6cf8831",
          "version": "2.0.0-beta.5"
        }
      }
    ]
  },
  "version": 1
}
